
Microsoft Visual Studio Solution File, Format Version 12.00
# Visual Studio 15
VisualStudioVersion = 15.0.28307.489
MinimumVisualStudioVersion = 10.0.40219.1
Project("{FAE04EC0-301F-11D3-BF4B-00C04F79EFBC}") = "StockMarketGame", "StockMarketGame\StockMarketGame.csproj", "{FD7D9FA3-B72E-444C-BA44-26E515B79728}"
EndProject
Global
	GlobalSection(SolutionConfigurationPlatforms) = preSolution
		Debug|Any CPU = Debug|Any CPU
		Release|Any CPU = Release|Any CPU
	EndGlobalSection
	GlobalSection(ProjectConfigurationPlatforms) = postSolution
		{FD7D9FA3-B72E-444C-BA44-26E515B79728}.Debug|Any CPU.ActiveCfg = Debug|Any CPU
		{FD7D9FA3-B72E-444C-BA44-26E515B79728}.Debug|Any CPU.Build.0 = Debug|Any CPU
		{FD7D9FA3-B72E-444C-BA44-26E515B79728}.Release|Any CPU.ActiveCfg = Release|Any CPU
		{FD7D9FA3-B72E-444C-BA44-26E515B79728}.Release|Any CPU.Build.0 = Release|Any CPU
	EndGlobalSection
	GlobalSection(SolutionProperties) = preSolution
		HideSolutionNode = FALSE
	EndGlobalSection
	GlobalSection(ExtensibilityGlobals) = postSolution
		SolutionGuid = {196F206B-BEC8-4D9D-85F5-6D292287076D}
	EndGlobalSection
EndGlobal
